
Microsoft Visual Studio Solution File, Format Version 12.00
# Visual Studio Version 17
VisualStudioVersion = 17.7.34221.43
MinimumVisualStudioVersion = 10.0.40219.1
Project("{FAE04EC0-301F-11D3-BF4B-00C04F79EFBC}") = "E_commerce", "E-commerce\E_commerce.csproj", "{027A2291-D5C7-4570-A1F0-AF5AF5DCD7AC}"
EndProject
Project("{FAE04EC0-301F-11D3-BF4B-00C04F79EFBC}") = "E_commerce_DataAccess", "E-commerce_DataAccess\E_commerce_DataAccess.csproj", "{C8FB1921-F512-46FC-9EA6-7328DE843231}"
EndProject
Project("{FAE04EC0-301F-11D3-BF4B-00C04F79EFBC}") = "E_commerce_Models", "E-commerce_Models\E_commerce_Models.csproj", "{36D247B2-A075-4710-9F83-F333518C8F1F}"
EndProject
Project("{FAE04EC0-301F-11D3-BF4B-00C04F79EFBC}") = "E-commerce_Utility", "E-commerce_Utility\E-commerce_Utility.csproj", "{56509CB3-5E86-4B9B-815F-D602C1F64C31}"
EndProject
Global
	GlobalSection(SolutionConfigurationPlatforms) = preSolution
		Debug|Any CPU = Debug|Any CPU
		Release|Any CPU = Release|Any CPU
	EndGlobalSection
	GlobalSection(ProjectConfigurationPlatforms) = postSolution
		{027A2291-D5C7-4570-A1F0-AF5AF5DCD7AC}.Debug|Any CPU.ActiveCfg = Debug|Any CPU
		{027A2291-D5C7-4570-A1F0-AF5AF5DCD7AC}.Debug|Any CPU.Build.0 = Debug|Any CPU
		{027A2291-D5C7-4570-A1F0-AF5AF5DCD7AC}.Release|Any CPU.ActiveCfg = Release|Any CPU
		{027A2291-D5C7-4570-A1F0-AF5AF5DCD7AC}.Release|Any CPU.Build.0 = Release|Any CPU
		{C8FB1921-F512-46FC-9EA6-7328DE843231}.Debug|Any CPU.ActiveCfg = Debug|Any CPU
		{C8FB1921-F512-46FC-9EA6-7328DE843231}.Debug|Any CPU.Build.0 = Debug|Any CPU
		{C8FB1921-F512-46FC-9EA6-7328DE843231}.Release|Any CPU.ActiveCfg = Release|Any CPU
		{C8FB1921-F512-46FC-9EA6-7328DE843231}.Release|Any CPU.Build.0 = Release|Any CPU
		{36D247B2-A075-4710-9F83-F333518C8F1F}.Debug|Any CPU.ActiveCfg = Debug|Any CPU
		{36D247B2-A075-4710-9F83-F333518C8F1F}.Debug|Any CPU.Build.0 = Debug|Any CPU
		{36D247B2-A075-4710-9F83-F333518C8F1F}.Release|Any CPU.ActiveCfg = Release|Any CPU
		{36D247B2-A075-4710-9F83-F333518C8F1F}.Release|Any CPU.Build.0 = Release|Any CPU
		{56509CB3-5E86-4B9B-815F-D602C1F64C31}.Debug|Any CPU.ActiveCfg = Debug|Any CPU
		{56509CB3-5E86-4B9B-815F-D602C1F64C31}.Debug|Any CPU.Build.0 = Debug|Any CPU
		{56509CB3-5E86-4B9B-815F-D602C1F64C31}.Release|Any CPU.ActiveCfg = Release|Any CPU
		{56509CB3-5E86-4B9B-815F-D602C1F64C31}.Release|Any CPU.Build.0 = Release|Any CPU
	EndGlobalSection
	GlobalSection(SolutionProperties) = preSolution
		HideSolutionNode = FALSE
	EndGlobalSection
	GlobalSection(ExtensibilityGlobals) = postSolution
		SolutionGuid = {CA632708-559D-47CD-93AF-53D6033EA168}
	EndGlobalSection
EndGlobal
